
Microsoft Visual Studio Solution File, Format Version 12.00
# Visual Studio Version 17
VisualStudioVersion = 17.9.34616.47
MinimumVisualStudioVersion = 10.0.40219.1
Project("{9A19103F-16F7-4668-BE54-9A1E7A4F7556}") = "GatewayApi", "GatewayApi\GatewayApi.csproj", "{3EC18069-4BAF-4E34-8BB5-8BD94B5DE146}"
EndProject
Project("{2150E333-8FDC-42A3-9474-1A3956D46DE8}") = "src", "src", "{B299A41F-652A-474A-83C8-206FB0A3E298}"
EndProject
Project("{2150E333-8FDC-42A3-9474-1A3956D46DE8}") = "GatewayApi", "GatewayApi", "{7BBB8B58-949A-4E7E-8A65-60D550B451E7}"
EndProject
Project("{2150E333-8FDC-42A3-9474-1A3956D46DE8}") = "Microservices", "Microservices", "{E0374358-E2EF-414D-80AF-AF4EFEF97D0D}"
EndProject
Project("{2150E333-8FDC-42A3-9474-1A3956D46DE8}") = "AuthService", "AuthService", "{575F5FEF-7C86-4E69-A11E-F745901EC63E}"
EndProject
Project("{2150E333-8FDC-42A3-9474-1A3956D46DE8}") = "ProfileService", "ProfileService", "{3E91ECCC-AB0E-4DBF-B273-582E866B4915}"
EndProject
Project("{2150E333-8FDC-42A3-9474-1A3956D46DE8}") = "NotificationService", "NotificationService", "{6ACBFF42-D932-47A3-B2BF-F3F43FC8BD21}"
EndProject
Project("{2150E333-8FDC-42A3-9474-1A3956D46DE8}") = "LotCatalogService", "LotCatalogService", "{D819FA78-B4A4-409B-AC1F-F2535592AE2A}"
EndProject
Project("{2150E333-8FDC-42A3-9474-1A3956D46DE8}") = "AuctionTradingService", "AuctionTradingService", "{F66383E1-1009-4817-864A-C34A89F66244}"
EndProject
Project("{2150E333-8FDC-42A3-9474-1A3956D46DE8}") = "EmailService", "EmailService", "{3ED3EBB7-7C59-4524-9A55-CA6D79761DE2}"
EndProject
Project("{2150E333-8FDC-42A3-9474-1A3956D46DE8}") = "WalletService", "WalletService", "{D19ACE8E-D485-459A-846F-5F16CF6234CA}"
EndProject
Project("{9A19103F-16F7-4668-BE54-9A1E7A4F7556}") = "AuthService.Api", "AuthService\AuthService.Api.csproj", "{D613FD6D-E2B0-45A1-9D9F-096DDB1EB40F}"
EndProject
Project("{2150E333-8FDC-42A3-9474-1A3956D46DE8}") = "AuthService.Infrastructure", "AuthService.Infrastructure", "{C1652F79-9615-4A68-9BE0-B2F2091DC9B3}"
EndProject
Project("{9A19103F-16F7-4668-BE54-9A1E7A4F7556}") = "Infrastructure.EntityFramework", "Infrastructure.EntityFramework\Infrastructure.EntityFramework.csproj", "{2DD2A10C-960E-4477-AE1E-B6F85D5C4E38}"
EndProject
Project("{2150E333-8FDC-42A3-9474-1A3956D46DE8}") = "AuthService.Application", "AuthService.Application", "{1FC5C00E-CAAA-46B2-9180-A2FF27FB6F64}"
EndProject
Project("{9A19103F-16F7-4668-BE54-9A1E7A4F7556}") = "Services.Abstractions", "Services.Abstractions\Services.Abstractions.csproj", "{3A9979F7-5FF0-4399-AAAC-99E23A72CB2E}"
EndProject
Project("{9A19103F-16F7-4668-BE54-9A1E7A4F7556}") = "Services.Implementations", "Services.Implementations\Services.Implementations.csproj", "{815F1929-B5FD-4CD6-8048-440B41A99182}"
EndProject
Project("{9A19103F-16F7-4668-BE54-9A1E7A4F7556}") = "Services.Contracts", "Services.Contracts\Services.Contracts.csproj", "{33892E1B-7049-494C-9859-6CC8D7F81B6B}"
EndProject
Project("{9A19103F-16F7-4668-BE54-9A1E7A4F7556}") = "Repositories.Abstractions", "Repositories.Abstractions\Repositories.Abstractions.csproj", "{82F679B9-4CC9-4F8B-B90C-F06F1A30F8D8}"
EndProject
Project("{2150E333-8FDC-42A3-9474-1A3956D46DE8}") = "AuthService.Domain", "AuthService.Domain", "{0B0DB92F-89ED-435C-959B-8BFBE06629E0}"
EndProject
Project("{9A19103F-16F7-4668-BE54-9A1E7A4F7556}") = "Domain.Entities", "Domain.Entities\Domain.Entities.csproj", "{E86F1487-A31A-41EC-A5C6-E36A94EFA891}"
EndProject
Project("{9A19103F-16F7-4668-BE54-9A1E7A4F7556}") = "Repositories.Implementations", "Repositories.Implementations\Repositories.Implementations.csproj", "{CCE79CE0-E6E2-4EE5-97E4-A84319A9B306}"
EndProject
Project("{9A19103F-16F7-4668-BE54-9A1E7A4F7556}") = "Infrastructure.Hasher", "Hasher\Infrastructure.Hasher.csproj", "{5557A799-52AA-463C-BDFB-19FC7FE48967}"
EndProject
Project("{FAE04EC0-301F-11D3-BF4B-00C04F79EFBC}") = "Infrastructure.JwtBearer", "Infrastructure.JwtProvider\Infrastructure.JwtBearer.csproj", "{2E80C7E4-10DB-4975-81B8-B5A5292853B1}"
EndProject
Global
	GlobalSection(SolutionConfigurationPlatforms) = preSolution
		Debug|Any CPU = Debug|Any CPU
		Release|Any CPU = Release|Any CPU
	EndGlobalSection
	GlobalSection(ProjectConfigurationPlatforms) = postSolution
		{3EC18069-4BAF-4E34-8BB5-8BD94B5DE146}.Debug|Any CPU.ActiveCfg = Debug|Any CPU
		{3EC18069-4BAF-4E34-8BB5-8BD94B5DE146}.Debug|Any CPU.Build.0 = Debug|Any CPU
		{3EC18069-4BAF-4E34-8BB5-8BD94B5DE146}.Release|Any CPU.ActiveCfg = Release|Any CPU
		{3EC18069-4BAF-4E34-8BB5-8BD94B5DE146}.Release|Any CPU.Build.0 = Release|Any CPU
		{D613FD6D-E2B0-45A1-9D9F-096DDB1EB40F}.Debug|Any CPU.ActiveCfg = Debug|Any CPU
		{D613FD6D-E2B0-45A1-9D9F-096DDB1EB40F}.Debug|Any CPU.Build.0 = Debug|Any CPU
		{D613FD6D-E2B0-45A1-9D9F-096DDB1EB40F}.Release|Any CPU.ActiveCfg = Release|Any CPU
		{D613FD6D-E2B0-45A1-9D9F-096DDB1EB40F}.Release|Any CPU.Build.0 = Release|Any CPU
		{2DD2A10C-960E-4477-AE1E-B6F85D5C4E38}.Debug|Any CPU.ActiveCfg = Debug|Any CPU
		{2DD2A10C-960E-4477-AE1E-B6F85D5C4E38}.Debug|Any CPU.Build.0 = Debug|Any CPU
		{2DD2A10C-960E-4477-AE1E-B6F85D5C4E38}.Release|Any CPU.ActiveCfg = Release|Any CPU
		{2DD2A10C-960E-4477-AE1E-B6F85D5C4E38}.Release|Any CPU.Build.0 = Release|Any CPU
		{3A9979F7-5FF0-4399-AAAC-99E23A72CB2E}.Debug|Any CPU.ActiveCfg = Debug|Any CPU
		{3A9979F7-5FF0-4399-AAAC-99E23A72CB2E}.Debug|Any CPU.Build.0 = Debug|Any CPU
		{3A9979F7-5FF0-4399-AAAC-99E23A72CB2E}.Release|Any CPU.ActiveCfg = Release|Any CPU
		{3A9979F7-5FF0-4399-AAAC-99E23A72CB2E}.Release|Any CPU.Build.0 = Release|Any CPU
		{815F1929-B5FD-4CD6-8048-440B41A99182}.Debug|Any CPU.ActiveCfg = Debug|Any CPU
		{815F1929-B5FD-4CD6-8048-440B41A99182}.Debug|Any CPU.Build.0 = Debug|Any CPU
		{815F1929-B5FD-4CD6-8048-440B41A99182}.Release|Any CPU.ActiveCfg = Release|Any CPU
		{815F1929-B5FD-4CD6-8048-440B41A99182}.Release|Any CPU.Build.0 = Release|Any CPU
		{33892E1B-7049-494C-9859-6CC8D7F81B6B}.Debug|Any CPU.ActiveCfg = Debug|Any CPU
		{33892E1B-7049-494C-9859-6CC8D7F81B6B}.Debug|Any CPU.Build.0 = Debug|Any CPU
		{33892E1B-7049-494C-9859-6CC8D7F81B6B}.Release|Any CPU.ActiveCfg = Release|Any CPU
		{33892E1B-7049-494C-9859-6CC8D7F81B6B}.Release|Any CPU.Build.0 = Release|Any CPU
		{82F679B9-4CC9-4F8B-B90C-F06F1A30F8D8}.Debug|Any CPU.ActiveCfg = Debug|Any CPU
		{82F679B9-4CC9-4F8B-B90C-F06F1A30F8D8}.Debug|Any CPU.Build.0 = Debug|Any CPU
		{82F679B9-4CC9-4F8B-B90C-F06F1A30F8D8}.Release|Any CPU.ActiveCfg = Release|Any CPU
		{82F679B9-4CC9-4F8B-B90C-F06F1A30F8D8}.Release|Any CPU.Build.0 = Release|Any CPU
		{E86F1487-A31A-41EC-A5C6-E36A94EFA891}.Debug|Any CPU.ActiveCfg = Debug|Any CPU
		{E86F1487-A31A-41EC-A5C6-E36A94EFA891}.Debug|Any CPU.Build.0 = Debug|Any CPU
		{E86F1487-A31A-41EC-A5C6-E36A94EFA891}.Release|Any CPU.ActiveCfg = Release|Any CPU
		{E86F1487-A31A-41EC-A5C6-E36A94EFA891}.Release|Any CPU.Build.0 = Release|Any CPU
		{CCE79CE0-E6E2-4EE5-97E4-A84319A9B306}.Debug|Any CPU.ActiveCfg = Debug|Any CPU
		{CCE79CE0-E6E2-4EE5-97E4-A84319A9B306}.Debug|Any CPU.Build.0 = Debug|Any CPU
		{CCE79CE0-E6E2-4EE5-97E4-A84319A9B306}.Release|Any CPU.ActiveCfg = Release|Any CPU
		{CCE79CE0-E6E2-4EE5-97E4-A84319A9B306}.Release|Any CPU.Build.0 = Release|Any CPU
		{5557A799-52AA-463C-BDFB-19FC7FE48967}.Debug|Any CPU.ActiveCfg = Debug|Any CPU
		{5557A799-52AA-463C-BDFB-19FC7FE48967}.Debug|Any CPU.Build.0 = Debug|Any CPU
		{5557A799-52AA-463C-BDFB-19FC7FE48967}.Release|Any CPU.ActiveCfg = Release|Any CPU
		{5557A799-52AA-463C-BDFB-19FC7FE48967}.Release|Any CPU.Build.0 = Release|Any CPU
		{2E80C7E4-10DB-4975-81B8-B5A5292853B1}.Debug|Any CPU.ActiveCfg = Debug|Any CPU
		{2E80C7E4-10DB-4975-81B8-B5A5292853B1}.Debug|Any CPU.Build.0 = Debug|Any CPU
		{2E80C7E4-10DB-4975-81B8-B5A5292853B1}.Release|Any CPU.ActiveCfg = Release|Any CPU
		{2E80C7E4-10DB-4975-81B8-B5A5292853B1}.Release|Any CPU.Build.0 = Release|Any CPU
	EndGlobalSection
	GlobalSection(SolutionProperties) = preSolution
		HideSolutionNode = FALSE
	EndGlobalSection
	GlobalSection(NestedProjects) = preSolution
		{3EC18069-4BAF-4E34-8BB5-8BD94B5DE146} = {7BBB8B58-949A-4E7E-8A65-60D550B451E7}
		{7BBB8B58-949A-4E7E-8A65-60D550B451E7} = {B299A41F-652A-474A-83C8-206FB0A3E298}
		{E0374358-E2EF-414D-80AF-AF4EFEF97D0D} = {B299A41F-652A-474A-83C8-206FB0A3E298}
		{575F5FEF-7C86-4E69-A11E-F745901EC63E} = {E0374358-E2EF-414D-80AF-AF4EFEF97D0D}
		{3E91ECCC-AB0E-4DBF-B273-582E866B4915} = {E0374358-E2EF-414D-80AF-AF4EFEF97D0D}
		{6ACBFF42-D932-47A3-B2BF-F3F43FC8BD21} = {E0374358-E2EF-414D-80AF-AF4EFEF97D0D}
		{D819FA78-B4A4-409B-AC1F-F2535592AE2A} = {E0374358-E2EF-414D-80AF-AF4EFEF97D0D}
		{F66383E1-1009-4817-864A-C34A89F66244} = {E0374358-E2EF-414D-80AF-AF4EFEF97D0D}
		{3ED3EBB7-7C59-4524-9A55-CA6D79761DE2} = {E0374358-E2EF-414D-80AF-AF4EFEF97D0D}
		{D19ACE8E-D485-459A-846F-5F16CF6234CA} = {E0374358-E2EF-414D-80AF-AF4EFEF97D0D}
		{D613FD6D-E2B0-45A1-9D9F-096DDB1EB40F} = {575F5FEF-7C86-4E69-A11E-F745901EC63E}
		{C1652F79-9615-4A68-9BE0-B2F2091DC9B3} = {575F5FEF-7C86-4E69-A11E-F745901EC63E}
		{2DD2A10C-960E-4477-AE1E-B6F85D5C4E38} = {C1652F79-9615-4A68-9BE0-B2F2091DC9B3}
		{1FC5C00E-CAAA-46B2-9180-A2FF27FB6F64} = {575F5FEF-7C86-4E69-A11E-F745901EC63E}
		{3A9979F7-5FF0-4399-AAAC-99E23A72CB2E} = {1FC5C00E-CAAA-46B2-9180-A2FF27FB6F64}
		{815F1929-B5FD-4CD6-8048-440B41A99182} = {1FC5C00E-CAAA-46B2-9180-A2FF27FB6F64}
		{33892E1B-7049-494C-9859-6CC8D7F81B6B} = {1FC5C00E-CAAA-46B2-9180-A2FF27FB6F64}
		{82F679B9-4CC9-4F8B-B90C-F06F1A30F8D8} = {1FC5C00E-CAAA-46B2-9180-A2FF27FB6F64}
		{0B0DB92F-89ED-435C-959B-8BFBE06629E0} = {575F5FEF-7C86-4E69-A11E-F745901EC63E}
		{E86F1487-A31A-41EC-A5C6-E36A94EFA891} = {0B0DB92F-89ED-435C-959B-8BFBE06629E0}
		{CCE79CE0-E6E2-4EE5-97E4-A84319A9B306} = {C1652F79-9615-4A68-9BE0-B2F2091DC9B3}
		{5557A799-52AA-463C-BDFB-19FC7FE48967} = {C1652F79-9615-4A68-9BE0-B2F2091DC9B3}
		{2E80C7E4-10DB-4975-81B8-B5A5292853B1} = {C1652F79-9615-4A68-9BE0-B2F2091DC9B3}
	EndGlobalSection
	GlobalSection(ExtensibilityGlobals) = postSolution
		SolutionGuid = {77EED996-AF44-4755-A84E-F4FE38769017}
	EndGlobalSection
EndGlobal
